// !$*UTF8*$!
{
	archiveVersion = 1;
	classes = {
	};
	objectVersion = 46;
	objects = {

/* Begin PBXBuildFile section */
		3FA8FE2B1D97862E0062880D /* HistoryController.swift in Sources */ = {isa = PBXBuildFile; fileRef = 3FA8FE2A1D97862E0062880D /* HistoryController.swift */; };
		3FE219151D978CA3003D20A2 /* HistoryCell.swift in Sources */ = {isa = PBXBuildFile; fileRef = 3FE219141D978CA3003D20A2 /* HistoryCell.swift */; };
		3FE219171D97990A003D20A2 /* ParkingMeterController.swift in Sources */ = {isa = PBXBuildFile; fileRef = 3FE219161D97990A003D20A2 /* ParkingMeterController.swift */; };
		3FFD42941D97234700230885 /* ProfileController.swift in Sources */ = {isa = PBXBuildFile; fileRef = 3FFD42931D97234700230885 /* ProfileController.swift */; };
		3FFD42A41D975A6900230885 /* ParkingMeter.swift in Sources */ = {isa = PBXBuildFile; fileRef = 3FFD42A31D975A6900230885 /* ParkingMeter.swift */; };
		EB0AC5A91D96D34000771A5F /* AppDelegate.swift in Sources */ = {isa = PBXBuildFile; fileRef = EB0AC5A81D96D34000771A5F /* AppDelegate.swift */; };
		EB0AC5AB1D96D34000771A5F /* MapController.swift in Sources */ = {isa = PBXBuildFile; fileRef = EB0AC5AA1D96D34000771A5F /* MapController.swift */; };
		EB0AC5AE1D96D34000771A5F /* Main.storyboard in Resources */ = {isa = PBXBuildFile; fileRef = EB0AC5AC1D96D34000771A5F /* Main.storyboard */; };
		EB0AC5B01D96D34000771A5F /* Assets.xcassets in Resources */ = {isa = PBXBuildFile; fileRef = EB0AC5AF1D96D34000771A5F /* Assets.xcassets */; };
		EB0AC5B31D96D34000771A5F /* LaunchScreen.storyboard in Resources */ = {isa = PBXBuildFile; fileRef = EB0AC5B11D96D34000771A5F /* LaunchScreen.storyboard */; };
		EB0AC5BE1D96D34000771A5F /* ParqTests.swift in Sources */ = {isa = PBXBuildFile; fileRef = EB0AC5BD1D96D34000771A5F /* ParqTests.swift */; };
		EB0AC5C91D96D34000771A5F /* ParqUITests.swift in Sources */ = {isa = PBXBuildFile; fileRef = EB0AC5C81D96D34000771A5F /* ParqUITests.swift */; };
		EBC95E581D978C3600CEECEB /* MeterAgreement.swift in Sources */ = {isa = PBXBuildFile; fileRef = EBC95E571D978C3600CEECEB /* MeterAgreement.swift */; };
		EBC95E5A1D97900400CEECEB /* User.swift in Sources */ = {isa = PBXBuildFile; fileRef = EBC95E591D97900400CEECEB /* User.swift */; };
		EBC95E5B1D97900400CEECEB /* User.swift in Sources */ = {isa = PBXBuildFile; fileRef = EBC95E591D97900400CEECEB /* User.swift */; };
		EBC95E5C1D97900E00CEECEB /* MeterAgreement.swift in Sources */ = {isa = PBXBuildFile; fileRef = EBC95E571D978C3600CEECEB /* MeterAgreement.swift */; };
		EBC95E5D1D97901100CEECEB /* ParkingMeter.swift in Sources */ = {isa = PBXBuildFile; fileRef = 3FFD42A31D975A6900230885 /* ParkingMeter.swift */; };
		EBC95E5E1D97901800CEECEB /* MapController.swift in Sources */ = {isa = PBXBuildFile; fileRef = EB0AC5AA1D96D34000771A5F /* MapController.swift */; };
		EBC95E5F1D97901B00CEECEB /* ProfileController.swift in Sources */ = {isa = PBXBuildFile; fileRef = 3FFD42931D97234700230885 /* ProfileController.swift */; };
/* End PBXBuildFile section */

/* Begin PBXContainerItemProxy section */
		EB0AC5BA1D96D34000771A5F /* PBXContainerItemProxy */ = {
			isa = PBXContainerItemProxy;
			containerPortal = EB0AC59D1D96D34000771A5F /* Project object */;
			proxyType = 1;
			remoteGlobalIDString = EB0AC5A41D96D34000771A5F;
			remoteInfo = Parq;
		};
		EB0AC5C51D96D34000771A5F /* PBXContainerItemProxy */ = {
			isa = PBXContainerItemProxy;
			containerPortal = EB0AC59D1D96D34000771A5F /* Project object */;
			proxyType = 1;
			remoteGlobalIDString = EB0AC5A41D96D34000771A5F;
			remoteInfo = Parq;
		};
/* End PBXContainerItemProxy section */

/* Begin PBXFileReference section */
		2701EBBAC7F7F367D38E7078 /* Pods-Parq.debug.xcconfig */ = {isa = PBXFileReference; includeInIndex = 1; lastKnownFileType = text.xcconfig; name = "Pods-Parq.debug.xcconfig"; path = "Pods/Target Support Files/Pods-Parq/Pods-Parq.debug.xcconfig"; sourceTree = "<group>"; };
		3FA8FE2A1D97862E0062880D /* HistoryController.swift */ = {isa = PBXFileReference; fileEncoding = 4; lastKnownFileType = sourcecode.swift; path = HistoryController.swift; sourceTree = "<group>"; };
		3FE219141D978CA3003D20A2 /* HistoryCell.swift */ = {isa = PBXFileReference; fileEncoding = 4; lastKnownFileType = sourcecode.swift; path = HistoryCell.swift; sourceTree = "<group>"; };
		3FE219161D97990A003D20A2 /* ParkingMeterController.swift */ = {isa = PBXFileReference; fileEncoding = 4; lastKnownFileType = sourcecode.swift; path = ParkingMeterController.swift; sourceTree = "<group>"; };
		3FFD42931D97234700230885 /* ProfileController.swift */ = {isa = PBXFileReference; fileEncoding = 4; lastKnownFileType = sourcecode.swift; path = ProfileController.swift; sourceTree = "<group>"; };
		3FFD42A31D975A6900230885 /* ParkingMeter.swift */ = {isa = PBXFileReference; fileEncoding = 4; lastKnownFileType = sourcecode.swift; name = ParkingMeter.swift; path = Models/ParkingMeter.swift; sourceTree = "<group>"; };
		4A29D672389C5A708BFF26E8 /* Pods-ParqTests.debug.xcconfig */ = {isa = PBXFileReference; includeInIndex = 1; lastKnownFileType = text.xcconfig; name = "Pods-ParqTests.debug.xcconfig"; path = "Pods/Target Support Files/Pods-ParqTests/Pods-ParqTests.debug.xcconfig"; sourceTree = "<group>"; };
		4D126380AAFC80FB0B5A858C /* Pods-Parq.release.xcconfig */ = {isa = PBXFileReference; includeInIndex = 1; lastKnownFileType = text.xcconfig; name = "Pods-Parq.release.xcconfig"; path = "Pods/Target Support Files/Pods-Parq/Pods-Parq.release.xcconfig"; sourceTree = "<group>"; };
		4EF03B5FA505056B23664A97 /* Pods-ParqUITests.debug.xcconfig */ = {isa = PBXFileReference; includeInIndex = 1; lastKnownFileType = text.xcconfig; name = "Pods-ParqUITests.debug.xcconfig"; path = "Pods/Target Support Files/Pods-ParqUITests/Pods-ParqUITests.debug.xcconfig"; sourceTree = "<group>"; };
		532FB3DA3822EDD588CD0574 /* Pods-ParqTests.release.xcconfig */ = {isa = PBXFileReference; includeInIndex = 1; lastKnownFileType = text.xcconfig; name = "Pods-ParqTests.release.xcconfig"; path = "Pods/Target Support Files/Pods-ParqTests/Pods-ParqTests.release.xcconfig"; sourceTree = "<group>"; };
		A1721F02F61BC1F623444B53 /* Pods-ParqUITests.release.xcconfig */ = {isa = PBXFileReference; includeInIndex = 1; lastKnownFileType = text.xcconfig; name = "Pods-ParqUITests.release.xcconfig"; path = "Pods/Target Support Files/Pods-ParqUITests/Pods-ParqUITests.release.xcconfig"; sourceTree = "<group>"; };
		EB0AC5A51D96D34000771A5F /* Parq.app */ = {isa = PBXFileReference; explicitFileType = wrapper.application; includeInIndex = 0; path = Parq.app; sourceTree = BUILT_PRODUCTS_DIR; };
		EB0AC5A81D96D34000771A5F /* AppDelegate.swift */ = {isa = PBXFileReference; lastKnownFileType = sourcecode.swift; path = AppDelegate.swift; sourceTree = "<group>"; };
		EB0AC5AA1D96D34000771A5F /* MapController.swift */ = {isa = PBXFileReference; lastKnownFileType = sourcecode.swift; path = MapController.swift; sourceTree = "<group>"; };
		EB0AC5AD1D96D34000771A5F /* Base */ = {isa = PBXFileReference; lastKnownFileType = file.storyboard; name = Base; path = Base.lproj/Main.storyboard; sourceTree = "<group>"; };
		EB0AC5AF1D96D34000771A5F /* Assets.xcassets */ = {isa = PBXFileReference; lastKnownFileType = folder.assetcatalog; path = Assets.xcassets; sourceTree = "<group>"; };
		EB0AC5B21D96D34000771A5F /* Base */ = {isa = PBXFileReference; lastKnownFileType = file.storyboard; name = Base; path = Base.lproj/LaunchScreen.storyboard; sourceTree = "<group>"; };
		EB0AC5B41D96D34000771A5F /* Info.plist */ = {isa = PBXFileReference; lastKnownFileType = text.plist.xml; path = Info.plist; sourceTree = "<group>"; };
		EB0AC5B91D96D34000771A5F /* ParqTests.xctest */ = {isa = PBXFileReference; explicitFileType = wrapper.cfbundle; includeInIndex = 0; path = ParqTests.xctest; sourceTree = BUILT_PRODUCTS_DIR; };
		EB0AC5BD1D96D34000771A5F /* ParqTests.swift */ = {isa = PBXFileReference; lastKnownFileType = sourcecode.swift; path = ParqTests.swift; sourceTree = "<group>"; };
		EB0AC5BF1D96D34000771A5F /* Info.plist */ = {isa = PBXFileReference; lastKnownFileType = text.plist.xml; path = Info.plist; sourceTree = "<group>"; };
		EB0AC5C41D96D34000771A5F /* ParqUITests.xctest */ = {isa = PBXFileReference; explicitFileType = wrapper.cfbundle; includeInIndex = 0; path = ParqUITests.xctest; sourceTree = BUILT_PRODUCTS_DIR; };
		EB0AC5C81D96D34000771A5F /* ParqUITests.swift */ = {isa = PBXFileReference; lastKnownFileType = sourcecode.swift; path = ParqUITests.swift; sourceTree = "<group>"; };
		EB0AC5CA1D96D34000771A5F /* Info.plist */ = {isa = PBXFileReference; lastKnownFileType = text.plist.xml; path = Info.plist; sourceTree = "<group>"; };
		EBC95E571D978C3600CEECEB /* MeterAgreement.swift */ = {isa = PBXFileReference; fileEncoding = 4; lastKnownFileType = sourcecode.swift; name = MeterAgreement.swift; path = Models/MeterAgreement.swift; sourceTree = "<group>"; };
		EBC95E591D97900400CEECEB /* User.swift */ = {isa = PBXFileReference; fileEncoding = 4; lastKnownFileType = sourcecode.swift; name = User.swift; path = Models/User.swift; sourceTree = "<group>"; };
/* End PBXFileReference section */

/* Begin PBXFrameworksBuildPhase section */
		EB0AC5A21D96D34000771A5F /* Frameworks */ = {
			isa = PBXFrameworksBuildPhase;
			buildActionMask = 2147483647;
			files = (
			);
			runOnlyForDeploymentPostprocessing = 0;
		};
		EB0AC5B61D96D34000771A5F /* Frameworks */ = {
			isa = PBXFrameworksBuildPhase;
			buildActionMask = 2147483647;
			files = (
			);
			runOnlyForDeploymentPostprocessing = 0;
		};
		EB0AC5C11D96D34000771A5F /* Frameworks */ = {
			isa = PBXFrameworksBuildPhase;
			buildActionMask = 2147483647;
			files = (
			);
			runOnlyForDeploymentPostprocessing = 0;
		};
/* End PBXFrameworksBuildPhase section */

/* Begin PBXGroup section */
		3FFD42A21D975A2F00230885 /* Models */ = {
			isa = PBXGroup;
			children = (
				3FFD42A31D975A6900230885 /* ParkingMeter.swift */,
				EBC95E571D978C3600CEECEB /* MeterAgreement.swift */,
				EBC95E591D97900400CEECEB /* User.swift */,
			);
			name = Models;
			sourceTree = "<group>";
		};
		A3BFE7C1C133FEF209798418 /* Pods */ = {
			isa = PBXGroup;
			children = (
				2701EBBAC7F7F367D38E7078 /* Pods-Parq.debug.xcconfig */,
				4D126380AAFC80FB0B5A858C /* Pods-Parq.release.xcconfig */,
				4A29D672389C5A708BFF26E8 /* Pods-ParqTests.debug.xcconfig */,
				532FB3DA3822EDD588CD0574 /* Pods-ParqTests.release.xcconfig */,
				4EF03B5FA505056B23664A97 /* Pods-ParqUITests.debug.xcconfig */,
				A1721F02F61BC1F623444B53 /* Pods-ParqUITests.release.xcconfig */,
			);
			name = Pods;
			sourceTree = "<group>";
		};
		B0500607A1620197392C7737 /* Frameworks */ = {
			isa = PBXGroup;
			children = (
			);
			name = Frameworks;
			sourceTree = "<group>";
		};
		EB0AC59C1D96D34000771A5F = {
			isa = PBXGroup;
			children = (
				EB0AC5A71D96D34000771A5F /* Parq */,
				EB0AC5BC1D96D34000771A5F /* ParqTests */,
				EB0AC5C71D96D34000771A5F /* ParqUITests */,
				EB0AC5A61D96D34000771A5F /* Products */,
				A3BFE7C1C133FEF209798418 /* Pods */,
				B0500607A1620197392C7737 /* Frameworks */,
			);
			sourceTree = "<group>";
		};
		EB0AC5A61D96D34000771A5F /* Products */ = {
			isa = PBXGroup;
			children = (
				EB0AC5A51D96D34000771A5F /* Parq.app */,
				EB0AC5B91D96D34000771A5F /* ParqTests.xctest */,
				EB0AC5C41D96D34000771A5F /* ParqUITests.xctest */,
			);
			name = Products;
			sourceTree = "<group>";
		};
		EB0AC5A71D96D34000771A5F /* Parq */ = {
			isa = PBXGroup;
			children = (
				EBC95E611D97902F00CEECEB /* Controllers */,
				EBC95E601D97902400CEECEB /* Views */,
				3FFD42A21D975A2F00230885 /* Models */,
				EB0AC5A81D96D34000771A5F /* AppDelegate.swift */,
				EB0AC5AA1D96D34000771A5F /* MapController.swift */,
				EB0AC5AC1D96D34000771A5F /* Main.storyboard */,
				EB0AC5AF1D96D34000771A5F /* Assets.xcassets */,
				EB0AC5B11D96D34000771A5F /* LaunchScreen.storyboard */,
				EB0AC5B41D96D34000771A5F /* Info.plist */,
				3FFD42931D97234700230885 /* ProfileController.swift */,
				3FA8FE2A1D97862E0062880D /* HistoryController.swift */,
				3FE219141D978CA3003D20A2 /* HistoryCell.swift */,
				3FE219161D97990A003D20A2 /* ParkingMeterController.swift */,
			);
			path = Parq;
			sourceTree = "<group>";
		};
		EB0AC5BC1D96D34000771A5F /* ParqTests */ = {
			isa = PBXGroup;
			children = (
				EB0AC5BD1D96D34000771A5F /* ParqTests.swift */,
				EB0AC5BF1D96D34000771A5F /* Info.plist */,
			);
			path = ParqTests;
			sourceTree = "<group>";
		};
		EB0AC5C71D96D34000771A5F /* ParqUITests */ = {
			isa = PBXGroup;
			children = (
				EB0AC5C81D96D34000771A5F /* ParqUITests.swift */,
				EB0AC5CA1D96D34000771A5F /* Info.plist */,
			);
			path = ParqUITests;
			sourceTree = "<group>";
		};
		EBC95E601D97902400CEECEB /* Views */ = {
			isa = PBXGroup;
			children = (
			);
			name = Views;
			sourceTree = "<group>";
		};
		EBC95E611D97902F00CEECEB /* Controllers */ = {
			isa = PBXGroup;
			children = (
			);
			name = Controllers;
			sourceTree = "<group>";
		};
/* End PBXGroup section */

/* Begin PBXNativeTarget section */
		EB0AC5A41D96D34000771A5F /* Parq */ = {
			isa = PBXNativeTarget;
			buildConfigurationList = EB0AC5CD1D96D34000771A5F /* Build configuration list for PBXNativeTarget "Parq" */;
			buildPhases = (
				10FF55A52E61A8610C39E784 /* [CP] Check Pods Manifest.lock */,
				EB0AC5A11D96D34000771A5F /* Sources */,
				EB0AC5A21D96D34000771A5F /* Frameworks */,
				EB0AC5A31D96D34000771A5F /* Resources */,
				4916FA542870F86553F12A77 /* [CP] Embed Pods Frameworks */,
				D8861823593D76F9038B26E6 /* [CP] Copy Pods Resources */,
			);
			buildRules = (
			);
			dependencies = (
			);
			name = Parq;
			productName = Parq;
			productReference = EB0AC5A51D96D34000771A5F /* Parq.app */;
			productType = "com.apple.product-type.application";
		};
		EB0AC5B81D96D34000771A5F /* ParqTests */ = {
			isa = PBXNativeTarget;
			buildConfigurationList = EB0AC5D01D96D34000771A5F /* Build configuration list for PBXNativeTarget "ParqTests" */;
			buildPhases = (
				54943AE5CB9BB6E50539588F /* [CP] Check Pods Manifest.lock */,
				EB0AC5B51D96D34000771A5F /* Sources */,
				EB0AC5B61D96D34000771A5F /* Frameworks */,
				EB0AC5B71D96D34000771A5F /* Resources */,
				E065650FA83194C2F134AF7E /* [CP] Embed Pods Frameworks */,
				2AFCE8CEF6C0E011B14649A4 /* [CP] Copy Pods Resources */,
			);
			buildRules = (
			);
			dependencies = (
				EB0AC5BB1D96D34000771A5F /* PBXTargetDependency */,
			);
			name = ParqTests;
			productName = ParqTests;
			productReference = EB0AC5B91D96D34000771A5F /* ParqTests.xctest */;
			productType = "com.apple.product-type.bundle.unit-test";
		};
		EB0AC5C31D96D34000771A5F /* ParqUITests */ = {
			isa = PBXNativeTarget;
			buildConfigurationList = EB0AC5D31D96D34000771A5F /* Build configuration list for PBXNativeTarget "ParqUITests" */;
			buildPhases = (
				0ACF7757494C964DDBA98B9C /* [CP] Check Pods Manifest.lock */,
				EB0AC5C01D96D34000771A5F /* Sources */,
				EB0AC5C11D96D34000771A5F /* Frameworks */,
				EB0AC5C21D96D34000771A5F /* Resources */,
				73BF69461C93FF767944214B /* [CP] Copy Pods Resources */,
			);
			buildRules = (
			);
			dependencies = (
				EB0AC5C61D96D34000771A5F /* PBXTargetDependency */,
			);
			name = ParqUITests;
			productName = ParqUITests;
			productReference = EB0AC5C41D96D34000771A5F /* ParqUITests.xctest */;
			productType = "com.apple.product-type.bundle.ui-testing";
		};
/* End PBXNativeTarget section */

/* Begin PBXProject section */
		EB0AC59D1D96D34000771A5F /* Project object */ = {
			isa = PBXProject;
			attributes = {
				LastSwiftUpdateCheck = 0730;
				LastUpgradeCheck = 0800;
				ORGANIZATIONNAME = "Carey Janecka";
				TargetAttributes = {
					EB0AC5A41D96D34000771A5F = {
						CreatedOnToolsVersion = 7.3.1;
						LastSwiftMigration = 0800;
					};
					EB0AC5B81D96D34000771A5F = {
						CreatedOnToolsVersion = 7.3.1;
						LastSwiftMigration = 0800;
						TestTargetID = EB0AC5A41D96D34000771A5F;
					};
					EB0AC5C31D96D34000771A5F = {
						CreatedOnToolsVersion = 7.3.1;
						LastSwiftMigration = 0800;
						TestTargetID = EB0AC5A41D96D34000771A5F;
					};
				};
			};
			buildConfigurationList = EB0AC5A01D96D34000771A5F /* Build configuration list for PBXProject "Parq" */;
			compatibilityVersion = "Xcode 3.2";
			developmentRegion = English;
			hasScannedForEncodings = 0;
			knownRegions = (
				en,
				Base,
			);
			mainGroup = EB0AC59C1D96D34000771A5F;
			productRefGroup = EB0AC5A61D96D34000771A5F /* Products */;
			projectDirPath = "";
			projectRoot = "";
			targets = (
				EB0AC5A41D96D34000771A5F /* Parq */,
				EB0AC5B81D96D34000771A5F /* ParqTests */,
				EB0AC5C31D96D34000771A5F /* ParqUITests */,
			);
		};
/* End PBXProject section */

/* Begin PBXResourcesBuildPhase section */
		EB0AC5A31D96D34000771A5F /* Resources */ = {
			isa = PBXResourcesBuildPhase;
			buildActionMask = 2147483647;
			files = (
				EB0AC5B31D96D34000771A5F /* LaunchScreen.storyboard in Resources */,
				EB0AC5B01D96D34000771A5F /* Assets.xcassets in Resources */,
				EB0AC5AE1D96D34000771A5F /* Main.storyboard in Resources */,
			);
			runOnlyForDeploymentPostprocessing = 0;
		};
		EB0AC5B71D96D34000771A5F /* Resources */ = {
			isa = PBXResourcesBuildPhase;
			buildActionMask = 2147483647;
			files = (
			);
			runOnlyForDeploymentPostprocessing = 0;
		};
		EB0AC5C21D96D34000771A5F /* Resources */ = {
			isa = PBXResourcesBuildPhase;
			buildActionMask = 2147483647;
			files = (
			);
			runOnlyForDeploymentPostprocessing = 0;
		};
/* End PBXResourcesBuildPhase section */

/* Begin PBXShellScriptBuildPhase section */
		0ACF7757494C964DDBA98B9C /* [CP] Check Pods Manifest.lock */ = {
			isa = PBXShellScriptBuildPhase;
			buildActionMask = 2147483647;
			files = (
			);
			inputPaths = (
			);
			name = "[CP] Check Pods Manifest.lock";
			outputPaths = (
			);
			runOnlyForDeploymentPostprocessing = 0;
			shellPath = /bin/sh;
			shellScript = "diff \"${PODS_ROOT}/../Podfile.lock\" \"${PODS_ROOT}/Manifest.lock\" > /dev/null\nif [[ $? != 0 ]] ; then\n    cat << EOM\nerror: The sandbox is not in sync with the Podfile.lock. Run 'pod install' or update your CocoaPods installation.\nEOM\n    exit 1\nfi\n";
			showEnvVarsInLog = 0;
		};
		10FF55A52E61A8610C39E784 /* [CP] Check Pods Manifest.lock */ = {
			isa = PBXShellScriptBuildPhase;
			buildActionMask = 2147483647;
			files = (
			);
			inputPaths = (
			);
			name = "[CP] Check Pods Manifest.lock";
			outputPaths = (
			);
			runOnlyForDeploymentPostprocessing = 0;
			shellPath = /bin/sh;
			shellScript = "diff \"${PODS_ROOT}/../Podfile.lock\" \"${PODS_ROOT}/Manifest.lock\" > /dev/null\nif [[ $? != 0 ]] ; then\n    cat << EOM\nerror: The sandbox is not in sync with the Podfile.lock. Run 'pod install' or update your CocoaPods installation.\nEOM\n    exit 1\nfi\n";
			showEnvVarsInLog = 0;
		};
		2AFCE8CEF6C0E011B14649A4 /* [CP] Copy Pods Resources */ = {
			isa = PBXShellScriptBuildPhase;
			buildActionMask = 2147483647;
			files = (
			);
			inputPaths = (
			);
			name = "[CP] Copy Pods Resources";
			outputPaths = (
			);
			runOnlyForDeploymentPostprocessing = 0;
			shellPath = /bin/sh;
			shellScript = "\"${SRCROOT}/Pods/Target Support Files/Pods-ParqTests/Pods-ParqTests-resources.sh\"\n";
			showEnvVarsInLog = 0;
		};
		4916FA542870F86553F12A77 /* [CP] Embed Pods Frameworks */ = {
			isa = PBXShellScriptBuildPhase;
			buildActionMask = 2147483647;
			files = (
			);
			inputPaths = (
			);
			name = "[CP] Embed Pods Frameworks";
			outputPaths = (
			);
			runOnlyForDeploymentPostprocessing = 0;
			shellPath = /bin/sh;
			shellScript = "\"${SRCROOT}/Pods/Target Support Files/Pods-Parq/Pods-Parq-frameworks.sh\"\n";
			showEnvVarsInLog = 0;
		};
		54943AE5CB9BB6E50539588F /* [CP] Check Pods Manifest.lock */ = {
			isa = PBXShellScriptBuildPhase;
			buildActionMask = 2147483647;
			files = (
			);
			inputPaths = (
			);
			name = "[CP] Check Pods Manifest.lock";
			outputPaths = (
			);
			runOnlyForDeploymentPostprocessing = 0;
			shellPath = /bin/sh;
			shellScript = "diff \"${PODS_ROOT}/../Podfile.lock\" \"${PODS_ROOT}/Manifest.lock\" > /dev/null\nif [[ $? != 0 ]] ; then\n    cat << EOM\nerror: The sandbox is not in sync with the Podfile.lock. Run 'pod install' or update your CocoaPods installation.\nEOM\n    exit 1\nfi\n";
			showEnvVarsInLog = 0;
		};
		73BF69461C93FF767944214B /* [CP] Copy Pods Resources */ = {
			isa = PBXShellScriptBuildPhase;
			buildActionMask = 2147483647;
			files = (
			);
			inputPaths = (
			);
			name = "[CP] Copy Pods Resources";
			outputPaths = (
			);
			runOnlyForDeploymentPostprocessing = 0;
			shellPath = /bin/sh;
			shellScript = "\"${SRCROOT}/Pods/Target Support Files/Pods-ParqUITests/Pods-ParqUITests-resources.sh\"\n";
			showEnvVarsInLog = 0;
		};
		D8861823593D76F9038B26E6 /* [CP] Copy Pods Resources */ = {
			isa = PBXShellScriptBuildPhase;
			buildActionMask = 2147483647;
			files = (
			);
			inputPaths = (
			);
			name = "[CP] Copy Pods Resources";
			outputPaths = (
			);
			runOnlyForDeploymentPostprocessing = 0;
			shellPath = /bin/sh;
			shellScript = "\"${SRCROOT}/Pods/Target Support Files/Pods-Parq/Pods-Parq-resources.sh\"\n";
			showEnvVarsInLog = 0;
		};
		E065650FA83194C2F134AF7E /* [CP] Embed Pods Frameworks */ = {
			isa = PBXShellScriptBuildPhase;
			buildActionMask = 2147483647;
			files = (
			);
			inputPaths = (
			);
			name = "[CP] Embed Pods Frameworks";
			outputPaths = (
			);
			runOnlyForDeploymentPostprocessing = 0;
			shellPath = /bin/sh;
			shellScript = "\"${SRCROOT}/Pods/Target Support Files/Pods-ParqTests/Pods-ParqTests-frameworks.sh\"\n";
			showEnvVarsInLog = 0;
		};
/* End PBXShellScriptBuildPhase section */

/* Begin PBXSourcesBuildPhase section */
		EB0AC5A11D96D34000771A5F /* Sources */ = {
			isa = PBXSourcesBuildPhase;
			buildActionMask = 2147483647;
			files = (
				3FE219151D978CA3003D20A2 /* HistoryCell.swift in Sources */,
				3FA8FE2B1D97862E0062880D /* HistoryController.swift in Sources */,
				3FE219171D97990A003D20A2 /* ParkingMeterController.swift in Sources */,
				EB0AC5AB1D96D34000771A5F /* MapController.swift in Sources */,
				EBC95E581D978C3600CEECEB /* MeterAgreement.swift in Sources */,
				EBC95E5A1D97900400CEECEB /* User.swift in Sources */,
				EB0AC5A91D96D34000771A5F /* AppDelegate.swift in Sources */,
				3FFD42A41D975A6900230885 /* ParkingMeter.swift in Sources */,
				3FFD42941D97234700230885 /* ProfileController.swift in Sources */,
			);
			runOnlyForDeploymentPostprocessing = 0;
		};
		EB0AC5B51D96D34000771A5F /* Sources */ = {
			isa = PBXSourcesBuildPhase;
			buildActionMask = 2147483647;
			files = (
				EBC95E5B1D97900400CEECEB /* User.swift in Sources */,
				EBC95E5C1D97900E00CEECEB /* MeterAgreement.swift in Sources */,
				EBC95E5D1D97901100CEECEB /* ParkingMeter.swift in Sources */,
				EB0AC5BE1D96D34000771A5F /* ParqTests.swift in Sources */,
			);
			runOnlyForDeploymentPostprocessing = 0;
		};
		EB0AC5C01D96D34000771A5F /* Sources */ = {
			isa = PBXSourcesBuildPhase;
			buildActionMask = 2147483647;
			files = (
				EBC95E5E1D97901800CEECEB /* MapController.swift in Sources */,
				EB0AC5C91D96D34000771A5F /* ParqUITests.swift in Sources */,
				EBC95E5F1D97901B00CEECEB /* ProfileController.swift in Sources */,
			);
			runOnlyForDeploymentPostprocessing = 0;
		};
/* End PBXSourcesBuildPhase section */

/* Begin PBXTargetDependency section */
		EB0AC5BB1D96D34000771A5F /* PBXTargetDependency */ = {
			isa = PBXTargetDependency;
			target = EB0AC5A41D96D34000771A5F /* Parq */;
			targetProxy = EB0AC5BA1D96D34000771A5F /* PBXContainerItemProxy */;
		};
		EB0AC5C61D96D34000771A5F /* PBXTargetDependency */ = {
			isa = PBXTargetDependency;
			target = EB0AC5A41D96D34000771A5F /* Parq */;
			targetProxy = EB0AC5C51D96D34000771A5F /* PBXContainerItemProxy */;
		};
/* End PBXTargetDependency section */

/* Begin PBXVariantGroup section */
		EB0AC5AC1D96D34000771A5F /* Main.storyboard */ = {
			isa = PBXVariantGroup;
			children = (
				EB0AC5AD1D96D34000771A5F /* Base */,
			);
			name = Main.storyboard;
			sourceTree = "<group>";
		};
		EB0AC5B11D96D34000771A5F /* LaunchScreen.storyboard */ = {
			isa = PBXVariantGroup;
			children = (
				EB0AC5B21D96D34000771A5F /* Base */,
			);
			name = LaunchScreen.storyboard;
			sourceTree = "<group>";
		};
/* End PBXVariantGroup section */

/* Begin XCBuildConfiguration section */
		EB0AC5CB1D96D34000771A5F /* Debug */ = {
			isa = XCBuildConfiguration;
			buildSettings = {
				ALWAYS_SEARCH_USER_PATHS = NO;
				CLANG_ANALYZER_NONNULL = YES;
				CLANG_CXX_LANGUAGE_STANDARD = "gnu++0x";
				CLANG_CXX_LIBRARY = "libc++";
				CLANG_ENABLE_MODULES = YES;
				CLANG_ENABLE_OBJC_ARC = YES;
				CLANG_WARN_BOOL_CONVERSION = YES;
				CLANG_WARN_CONSTANT_CONVERSION = YES;
				CLANG_WARN_DIRECT_OBJC_ISA_USAGE = YES_ERROR;
				CLANG_WARN_EMPTY_BODY = YES;
				CLANG_WARN_ENUM_CONVERSION = YES;
				CLANG_WARN_INFINITE_RECURSION = YES;
				CLANG_WARN_INT_CONVERSION = YES;
				CLANG_WARN_OBJC_ROOT_CLASS = YES_ERROR;
				CLANG_WARN_SUSPICIOUS_MOVE = YES;
				CLANG_WARN_UNREACHABLE_CODE = YES;
				CLANG_WARN__DUPLICATE_METHOD_MATCH = YES;
				"CODE_SIGN_IDENTITY[sdk=iphoneos*]" = "iPhone Developer";
				COPY_PHASE_STRIP = NO;
				DEBUG_INFORMATION_FORMAT = dwarf;
				ENABLE_STRICT_OBJC_MSGSEND = YES;
				ENABLE_TESTABILITY = YES;
				GCC_C_LANGUAGE_STANDARD = gnu99;
				GCC_DYNAMIC_NO_PIC = NO;
				GCC_NO_COMMON_BLOCKS = YES;
				GCC_OPTIMIZATION_LEVEL = 0;
				GCC_PREPROCESSOR_DEFINITIONS = (
					"DEBUG=1",
					"$(inherited)",
				);
				GCC_WARN_64_TO_32_BIT_CONVERSION = YES;
				GCC_WARN_ABOUT_RETURN_TYPE = YES_ERROR;
				GCC_WARN_UNDECLARED_SELECTOR = YES;
				GCC_WARN_UNINITIALIZED_AUTOS = YES_AGGRESSIVE;
				GCC_WARN_UNUSED_FUNCTION = YES;
				GCC_WARN_UNUSED_VARIABLE = YES;
				IPHONEOS_DEPLOYMENT_TARGET = 9.3;
				MTL_ENABLE_DEBUG_INFO = YES;
				ONLY_ACTIVE_ARCH = YES;
				SDKROOT = iphoneos;
				SWIFT_OPTIMIZATION_LEVEL = "-Onone";
				TARGETED_DEVICE_FAMILY = "1,2";
			};
			name = Debug;
		};
		EB0AC5CC1D96D34000771A5F /* Release */ = {
			isa = XCBuildConfiguration;
			buildSettings = {
				ALWAYS_SEARCH_USER_PATHS = NO;
				CLANG_ANALYZER_NONNULL = YES;
				CLANG_CXX_LANGUAGE_STANDARD = "gnu++0x";
				CLANG_CXX_LIBRARY = "libc++";
				CLANG_ENABLE_MODULES = YES;
				CLANG_ENABLE_OBJC_ARC = YES;
				CLANG_WARN_BOOL_CONVERSION = YES;
				CLANG_WARN_CONSTANT_CONVERSION = YES;
				CLANG_WARN_DIRECT_OBJC_ISA_USAGE = YES_ERROR;
				CLANG_WARN_EMPTY_BODY = YES;
				CLANG_WARN_ENUM_CONVERSION = YES;
				CLANG_WARN_INFINITE_RECURSION = YES;
				CLANG_WARN_INT_CONVERSION = YES;
				CLANG_WARN_OBJC_ROOT_CLASS = YES_ERROR;
				CLANG_WARN_SUSPICIOUS_MOVE = YES;
				CLANG_WARN_UNREACHABLE_CODE = YES;
				CLANG_WARN__DUPLICATE_METHOD_MATCH = YES;
				"CODE_SIGN_IDENTITY[sdk=iphoneos*]" = "iPhone Developer";
				COPY_PHASE_STRIP = NO;
				DEBUG_INFORMATION_FORMAT = "dwarf-with-dsym";
				ENABLE_NS_ASSERTIONS = NO;
				ENABLE_STRICT_OBJC_MSGSEND = YES;
				GCC_C_LANGUAGE_STANDARD = gnu99;
				GCC_NO_COMMON_BLOCKS = YES;
				GCC_WARN_64_TO_32_BIT_CONVERSION = YES;
				GCC_WARN_ABOUT_RETURN_TYPE = YES_ERROR;
				GCC_WARN_UNDECLARED_SELECTOR = YES;
				GCC_WARN_UNINITIALIZED_AUTOS = YES_AGGRESSIVE;
				GCC_WARN_UNUSED_FUNCTION = YES;
				GCC_WARN_UNUSED_VARIABLE = YES;
				IPHONEOS_DEPLOYMENT_TARGET = 9.3;
				MTL_ENABLE_DEBUG_INFO = NO;
				SDKROOT = iphoneos;
				SWIFT_OPTIMIZATION_LEVEL = "-Owholemodule";
				TARGETED_DEVICE_FAMILY = "1,2";
				VALIDATE_PRODUCT = YES;
			};
			name = Release;
		};
		EB0AC5CE1D96D34000771A5F /* Debug */ = {
			isa = XCBuildConfiguration;
			baseConfigurationReference = 2701EBBAC7F7F367D38E7078 /* Pods-Parq.debug.xcconfig */;
			buildSettings = {
				ASSETCATALOG_COMPILER_APPICON_NAME = AppIcon;
				INFOPLIST_FILE = Parq/Info.plist;
				IPHONEOS_DEPLOYMENT_TARGET = 9.3;
				LD_RUNPATH_SEARCH_PATHS = "$(inherited) @executable_path/Frameworks";
				PRODUCT_BUNDLE_IDENTIFIER = com.parqapp.Parq;
				PRODUCT_NAME = "$(TARGET_NAME)";
				SWIFT_VERSION = 3.0;
			};
			name = Debug;
		};
		EB0AC5CF1D96D34000771A5F /* Release */ = {
			isa = XCBuildConfiguration;
			baseConfigurationReference = 4D126380AAFC80FB0B5A858C /* Pods-Parq.release.xcconfig */;
			buildSettings = {
				ASSETCATALOG_COMPILER_APPICON_NAME = AppIcon;
				INFOPLIST_FILE = Parq/Info.plist;
				IPHONEOS_DEPLOYMENT_TARGET = 9.3;
				LD_RUNPATH_SEARCH_PATHS = "$(inherited) @executable_path/Frameworks";
				PRODUCT_BUNDLE_IDENTIFIER = com.parqapp.Parq;
				PRODUCT_NAME = "$(TARGET_NAME)";
				SWIFT_VERSION = 3.0;
			};
			name = Release;
		};
		EB0AC5D11D96D34000771A5F /* Debug */ = {
			isa = XCBuildConfiguration;
			baseConfigurationReference = 4A29D672389C5A708BFF26E8 /* Pods-ParqTests.debug.xcconfig */;
			buildSettings = {
				BUNDLE_LOADER = "$(TEST_HOST)";
				INFOPLIST_FILE = ParqTests/Info.plist;
				LD_RUNPATH_SEARCH_PATHS = "$(inherited) @executable_path/Frameworks @loader_path/Frameworks";
				PRODUCT_BUNDLE_IDENTIFIER = com.parqapp.ParqTests;
				PRODUCT_NAME = "$(TARGET_NAME)";
				SWIFT_VERSION = 3.0;
				TEST_HOST = "$(BUILT_PRODUCTS_DIR)/Parq.app/Parq";
			};
			name = Debug;
		};
		EB0AC5D21D96D34000771A5F /* Release */ = {
			isa = XCBuildConfiguration;
			baseConfigurationReference = 532FB3DA3822EDD588CD0574 /* Pods-ParqTests.release.xcconfig */;
			buildSettings = {
				BUNDLE_LOADER = "$(TEST_HOST)";
				INFOPLIST_FILE = ParqTests/Info.plist;
				LD_RUNPATH_SEARCH_PATHS = "$(inherited) @executable_path/Frameworks @loader_path/Frameworks";
				PRODUCT_BUNDLE_IDENTIFIER = com.parqapp.ParqTests;
				PRODUCT_NAME = "$(TARGET_NAME)";
				SWIFT_VERSION = 3.0;
				TEST_HOST = "$(BUILT_PRODUCTS_DIR)/Parq.app/Parq";
			};
			name = Release;
		};
		EB0AC5D41D96D34000771A5F /* Debug */ = {
			isa = XCBuildConfiguration;
			baseConfigurationReference = 4EF03B5FA505056B23664A97 /* Pods-ParqUITests.debug.xcconfig */;
			buildSettings = {
				INFOPLIST_FILE = ParqUITests/Info.plist;
				LD_RUNPATH_SEARCH_PATHS = "$(inherited) @executable_path/Frameworks @loader_path/Frameworks";
				PRODUCT_BUNDLE_IDENTIFIER = com.parqapp.ParqUITests;
				PRODUCT_NAME = "$(TARGET_NAME)";
				SWIFT_VERSION = 3.0;
				TEST_TARGET_NAME = Parq;
			};
			name = Debug;
		};
		EB0AC5D51D96D34000771A5F /* Release */ = {
			isa = XCBuildConfiguration;
			baseConfigurationReference = A1721F02F61BC1F623444B53 /* Pods-ParqUITests.release.xcconfig */;
			buildSettings = {
				INFOPLIST_FILE = ParqUITests/Info.plist;
				LD_RUNPATH_SEARCH_PATHS = "$(inherited) @executable_path/Frameworks @loader_path/Frameworks";
				PRODUCT_BUNDLE_IDENTIFIER = com.parqapp.ParqUITests;
				PRODUCT_NAME = "$(TARGET_NAME)";
				SWIFT_VERSION = 3.0;
				TEST_TARGET_NAME = Parq;
			};
			name = Release;
		};
/* End XCBuildConfiguration section */

/* Begin XCConfigurationList section */
		EB0AC5A01D96D34000771A5F /* Build configuration list for PBXProject "Parq" */ = {
			isa = XCConfigurationList;
			buildConfigurations = (
				EB0AC5CB1D96D34000771A5F /* Debug */,
				EB0AC5CC1D96D34000771A5F /* Release */,
			);
			defaultConfigurationIsVisible = 0;
			defaultConfigurationName = Release;
		};
		EB0AC5CD1D96D34000771A5F /* Build configuration list for PBXNativeTarget "Parq" */ = {
			isa = XCConfigurationList;
			buildConfigurations = (
				EB0AC5CE1D96D34000771A5F /* Debug */,
				EB0AC5CF1D96D34000771A5F /* Release */,
			);
			defaultConfigurationIsVisible = 0;
			defaultConfigurationName = Release;
		};
		EB0AC5D01D96D34000771A5F /* Build configuration list for PBXNativeTarget "ParqTests" */ = {
			isa = XCConfigurationList;
			buildConfigurations = (
				EB0AC5D11D96D34000771A5F /* Debug */,
				EB0AC5D21D96D34000771A5F /* Release */,
			);
			defaultConfigurationIsVisible = 0;
			defaultConfigurationName = Release;
		};
		EB0AC5D31D96D34000771A5F /* Build configuration list for PBXNativeTarget "ParqUITests" */ = {
			isa = XCConfigurationList;
			buildConfigurations = (
				EB0AC5D41D96D34000771A5F /* Debug */,
				EB0AC5D51D96D34000771A5F /* Release */,
			);
			defaultConfigurationIsVisible = 0;
			defaultConfigurationName = Release;
		};
/* End XCConfigurationList section */
	};
	rootObject = EB0AC59D1D96D34000771A5F /* Project object */;
}
